
Microsoft Visual Studio Solution File, Format Version 12.00
# Visual Studio Version 17
VisualStudioVersion = 17.13.36105.23
MinimumVisualStudioVersion = 10.0.40219.1
Project("{2150E333-8FDC-42A3-9474-1A3956D46DE8}") = "Sources", "Sources", "{02EA681E-C7D8-13C7-8484-4AC65E1B71E8}"
EndProject
Project("{FAE04EC0-301F-11D3-BF4B-00C04F79EFBC}") = "Roxi.Web", "Sources\Roxi.Web\Roxi.Web.csproj", "{7C2E5E84-8DE6-46C1-BAD1-E397A16A8A94}"
EndProject
Project("{FAE04EC0-301F-11D3-BF4B-00C04F79EFBC}") = "Roxi.Core", "Sources\Roxi.Core\Roxi.Core.csproj", "{57E75877-A674-444F-912D-F2997CEC8DC2}"
EndProject
Project("{2150E333-8FDC-42A3-9474-1A3956D46DE8}") = "Solution Items", "Solution Items", "{DC14F066-D9B6-48BD-A9C1-B61EC0F379E5}"
	ProjectSection(SolutionItems) = preProject
		.editorconfig = .editorconfig
		docker-compose.yml = docker-compose.yml
		setup.sh = setup.sh
	EndProjectSection
EndProject
Project("{2150E333-8FDC-42A3-9474-1A3956D46DE8}") = "Docs", "Docs", "{E527C321-F62E-460C-B7B7-D2B98C9FE2EE}"
	ProjectSection(SolutionItems) = preProject
		CHANGELOG.md = CHANGELOG.md
		README.md = README.md
	EndProjectSection
EndProject
Project("{2150E333-8FDC-42A3-9474-1A3956D46DE8}") = "Configs", "Configs", "{778916F5-D3F8-47DB-A958-94345AEEE423}"
	ProjectSection(SolutionItems) = preProject
		env-config.json = env-config.json
		nginx.conf = nginx.conf
	EndProjectSection
EndProject
Project("{FAE04EC0-301F-11D3-BF4B-00C04F79EFBC}") = "Roxi.Data", "Sources\Roxi.Data\Roxi.Data.csproj", "{59227ED5-6DC5-4539-80DF-0F17813ECAD4}"
EndProject
Global
	GlobalSection(SolutionConfigurationPlatforms) = preSolution
		Debug|Any CPU = Debug|Any CPU
		Release|Any CPU = Release|Any CPU
	EndGlobalSection
	GlobalSection(ProjectConfigurationPlatforms) = postSolution
		{7C2E5E84-8DE6-46C1-BAD1-E397A16A8A94}.Debug|Any CPU.ActiveCfg = Debug|Any CPU
		{7C2E5E84-8DE6-46C1-BAD1-E397A16A8A94}.Debug|Any CPU.Build.0 = Debug|Any CPU
		{7C2E5E84-8DE6-46C1-BAD1-E397A16A8A94}.Release|Any CPU.ActiveCfg = Release|Any CPU
		{7C2E5E84-8DE6-46C1-BAD1-E397A16A8A94}.Release|Any CPU.Build.0 = Release|Any CPU
		{57E75877-A674-444F-912D-F2997CEC8DC2}.Debug|Any CPU.ActiveCfg = Debug|Any CPU
		{57E75877-A674-444F-912D-F2997CEC8DC2}.Debug|Any CPU.Build.0 = Debug|Any CPU
		{57E75877-A674-444F-912D-F2997CEC8DC2}.Release|Any CPU.ActiveCfg = Release|Any CPU
		{57E75877-A674-444F-912D-F2997CEC8DC2}.Release|Any CPU.Build.0 = Release|Any CPU
		{59227ED5-6DC5-4539-80DF-0F17813ECAD4}.Debug|Any CPU.ActiveCfg = Debug|Any CPU
		{59227ED5-6DC5-4539-80DF-0F17813ECAD4}.Debug|Any CPU.Build.0 = Debug|Any CPU
		{59227ED5-6DC5-4539-80DF-0F17813ECAD4}.Release|Any CPU.ActiveCfg = Release|Any CPU
		{59227ED5-6DC5-4539-80DF-0F17813ECAD4}.Release|Any CPU.Build.0 = Release|Any CPU
	EndGlobalSection
	GlobalSection(SolutionProperties) = preSolution
		HideSolutionNode = FALSE
	EndGlobalSection
	GlobalSection(NestedProjects) = preSolution
		{7C2E5E84-8DE6-46C1-BAD1-E397A16A8A94} = {02EA681E-C7D8-13C7-8484-4AC65E1B71E8}
		{57E75877-A674-444F-912D-F2997CEC8DC2} = {02EA681E-C7D8-13C7-8484-4AC65E1B71E8}
		{59227ED5-6DC5-4539-80DF-0F17813ECAD4} = {02EA681E-C7D8-13C7-8484-4AC65E1B71E8}
	EndGlobalSection
	GlobalSection(ExtensibilityGlobals) = postSolution
		SolutionGuid = {CFBF59AB-7802-4974-8AC4-F9A8BF070CF5}
	EndGlobalSection
EndGlobal
